
Microsoft Visual Studio Solution File, Format Version 12.00
# Visual Studio Version 17
VisualStudioVersion = 17.5.33103.201
MinimumVisualStudioVersion = 10.0.40219.1
Project("{FAE04EC0-301F-11D3-BF4B-00C04F79EFBC}") = "Practice.Models", "Practice.Models\Practice.Models.csproj", "{2C04DFA7-0CAC-46C5-ABFD-5A454D7ABA87}"
EndProject
Global
	GlobalSection(SolutionConfigurationPlatforms) = preSolution
		Debug|Any CPU = Debug|Any CPU
		Release|Any CPU = Release|Any CPU
	EndGlobalSection
	GlobalSection(ProjectConfigurationPlatforms) = postSolution
		{2C04DFA7-0CAC-46C5-ABFD-5A454D7ABA87}.Debug|Any CPU.ActiveCfg = Debug|Any CPU
		{2C04DFA7-0CAC-46C5-ABFD-5A454D7ABA87}.Debug|Any CPU.Build.0 = Debug|Any CPU
		{2C04DFA7-0CAC-46C5-ABFD-5A454D7ABA87}.Release|Any CPU.ActiveCfg = Release|Any CPU
		{2C04DFA7-0CAC-46C5-ABFD-5A454D7ABA87}.Release|Any CPU.Build.0 = Release|Any CPU
	EndGlobalSection
	GlobalSection(SolutionProperties) = preSolution
		HideSolutionNode = FALSE
	EndGlobalSection
	GlobalSection(ExtensibilityGlobals) = postSolution
		SolutionGuid = {E27A73DC-88D3-4367-BA63-39F36A74FBC2}
	EndGlobalSection
EndGlobal
